Microsoft Visual Studio Solution File, Format Version 12.00
# Visual Studio Version 17
VisualStudioVersion = 17.0.31903.59
MinimumVisualStudioVersion = 10.0.40219.1
Project("{FAE04EC0-301F-11D3-BF4B-00C04F79EFBC}") = "FamilyPCMonitor.App", "src\FamilyPCMonitor.App\FamilyPCMonitor.App.csproj", "{A4F934AA-6911-4A83-BC59-6204BA0578A1}"
EndProject
Global
	GlobalSection(SolutionConfigurationPlatforms) = preSolution
		Debug|Any CPU = Debug|Any CPU
		Release|Any CPU = Release|Any CPU
	EndGlobalSection
	GlobalSection(ProjectConfigurationPlatforms) = postSolution
		{A4F934AA-6911-4A83-BC59-6204BA0578A1}.Debug|Any CPU.ActiveCfg = Debug|Any CPU
		{A4F934AA-6911-4A83-BC59-6204BA0578A1}.Debug|Any CPU.Build.0 = Debug|Any CPU
		{A4F934AA-6911-4A83-BC59-6204BA0578A1}.Release|Any CPU.ActiveCfg = Release|Any CPU
		{A4F934AA-6911-4A83-BC59-6204BA0578A1}.Release|Any CPU.Build.0 = Release|Any CPU
	EndGlobalSection
EndGlobal
